
Microsoft Visual Studio Solution File, Format Version 12.00
# Visual Studio Version 16
VisualStudioVersion = 16.0.30413.136
MinimumVisualStudioVersion = 10.0.40219.1
Project("{FAE04EC0-301F-11D3-BF4B-00C04F79EFBC}") = "Solomon_Client", "Solomon_Client\Solomon_Client.csproj", "{1EDE5C78-345B-4CA6-AA06-EDCC8F744EC7}"
EndProject
Project("{FAE04EC0-301F-11D3-BF4B-00C04F79EFBC}") = "Solomon.Core.Bulletin", "Solomon.Core.Bulletin\Solomon.Core.Bulletin.csproj", "{2C013673-3DDA-42BC-9575-0EAC1380B54D}"
EndProject
Project("{FAE04EC0-301F-11D3-BF4B-00C04F79EFBC}") = "Solomon.Core.SignUp", "Solomon.Core.SignUp\Solomon.Core.SignUp.csproj", "{53A27FF6-BC24-4634-8ABB-F6064383CA89}"
EndProject
Project("{FAE04EC0-301F-11D3-BF4B-00C04F79EFBC}") = "Solomon.Core.Member", "Solomon.Core.Member\Solomon.Core.Member.csproj", "{8F04ED55-1EFC-4637-A56D-9017327DD950}"
EndProject
Project("{FAE04EC0-301F-11D3-BF4B-00C04F79EFBC}") = "Solomon.Core.Login", "Solomon.Core.Login\Solomon.Core.Login.csproj", "{CBE2B32C-D7A2-4A21-B4FD-174CE5E1BD68}"
EndProject
Project("{FAE04EC0-301F-11D3-BF4B-00C04F79EFBC}") = "Solomon.Network", "Solomon.Network\Solomon.Network.csproj", "{A5270080-2E2E-4111-BDCF-8096EE0A266F}"
EndProject
Project("{FAE04EC0-301F-11D3-BF4B-00C04F79EFBC}") = "Solomon.Core.Util", "Solomon.Core.Util\Solomon.Core.Util.csproj", "{5E814A6D-F40F-4BD2-9C53-F8A5936EA640}"
EndProject
Project("{FAE04EC0-301F-11D3-BF4B-00C04F79EFBC}") = "Solomon.Core.Home", "Solomon.Core.Home\Solomon.Core.Home.csproj", "{C2F85829-11F8-435C-BD5F-BBE64CA0DEEF}"
EndProject
Global
	GlobalSection(SolutionConfigurationPlatforms) = preSolution
		Debug|Any CPU = Debug|Any CPU
		Release|Any CPU = Release|Any CPU
	EndGlobalSection
	GlobalSection(ProjectConfigurationPlatforms) = postSolution
		{1EDE5C78-345B-4CA6-AA06-EDCC8F744EC7}.Debug|Any CPU.ActiveCfg = Debug|Any CPU
		{1EDE5C78-345B-4CA6-AA06-EDCC8F744EC7}.Debug|Any CPU.Build.0 = Debug|Any CPU
		{1EDE5C78-345B-4CA6-AA06-EDCC8F744EC7}.Release|Any CPU.ActiveCfg = Release|Any CPU
		{1EDE5C78-345B-4CA6-AA06-EDCC8F744EC7}.Release|Any CPU.Build.0 = Release|Any CPU
		{2C013673-3DDA-42BC-9575-0EAC1380B54D}.Debug|Any CPU.ActiveCfg = Debug|Any CPU
		{2C013673-3DDA-42BC-9575-0EAC1380B54D}.Debug|Any CPU.Build.0 = Debug|Any CPU
		{2C013673-3DDA-42BC-9575-0EAC1380B54D}.Release|Any CPU.ActiveCfg = Release|Any CPU
		{2C013673-3DDA-42BC-9575-0EAC1380B54D}.Release|Any CPU.Build.0 = Release|Any CPU
		{53A27FF6-BC24-4634-8ABB-F6064383CA89}.Debug|Any CPU.ActiveCfg = Debug|Any CPU
		{53A27FF6-BC24-4634-8ABB-F6064383CA89}.Debug|Any CPU.Build.0 = Debug|Any CPU
		{53A27FF6-BC24-4634-8ABB-F6064383CA89}.Release|Any CPU.ActiveCfg = Release|Any CPU
		{53A27FF6-BC24-4634-8ABB-F6064383CA89}.Release|Any CPU.Build.0 = Release|Any CPU
		{8F04ED55-1EFC-4637-A56D-9017327DD950}.Debug|Any CPU.ActiveCfg = Debug|Any CPU
		{8F04ED55-1EFC-4637-A56D-9017327DD950}.Debug|Any CPU.Build.0 = Debug|Any CPU
		{8F04ED55-1EFC-4637-A56D-9017327DD950}.Release|Any CPU.ActiveCfg = Release|Any CPU
		{8F04ED55-1EFC-4637-A56D-9017327DD950}.Release|Any CPU.Build.0 = Release|Any CPU
		{CBE2B32C-D7A2-4A21-B4FD-174CE5E1BD68}.Debug|Any CPU.ActiveCfg = Debug|Any CPU
		{CBE2B32C-D7A2-4A21-B4FD-174CE5E1BD68}.Debug|Any CPU.Build.0 = Debug|Any CPU
		{CBE2B32C-D7A2-4A21-B4FD-174CE5E1BD68}.Release|Any CPU.ActiveCfg = Release|Any CPU
		{CBE2B32C-D7A2-4A21-B4FD-174CE5E1BD68}.Release|Any CPU.Build.0 = Release|Any CPU
		{A5270080-2E2E-4111-BDCF-8096EE0A266F}.Debug|Any CPU.ActiveCfg = Debug|Any CPU
		{A5270080-2E2E-4111-BDCF-8096EE0A266F}.Debug|Any CPU.Build.0 = Debug|Any CPU
		{A5270080-2E2E-4111-BDCF-8096EE0A266F}.Release|Any CPU.ActiveCfg = Release|Any CPU
		{A5270080-2E2E-4111-BDCF-8096EE0A266F}.Release|Any CPU.Build.0 = Release|Any CPU
		{5E814A6D-F40F-4BD2-9C53-F8A5936EA640}.Debug|Any CPU.ActiveCfg = Debug|Any CPU
		{5E814A6D-F40F-4BD2-9C53-F8A5936EA640}.Debug|Any CPU.Build.0 = Debug|Any CPU
		{5E814A6D-F40F-4BD2-9C53-F8A5936EA640}.Release|Any CPU.ActiveCfg = Release|Any CPU
		{5E814A6D-F40F-4BD2-9C53-F8A5936EA640}.Release|Any CPU.Build.0 = Release|Any CPU
		{C2F85829-11F8-435C-BD5F-BBE64CA0DEEF}.Debug|Any CPU.ActiveCfg = Debug|Any CPU
		{C2F85829-11F8-435C-BD5F-BBE64CA0DEEF}.Debug|Any CPU.Build.0 = Debug|Any CPU
		{C2F85829-11F8-435C-BD5F-BBE64CA0DEEF}.Release|Any CPU.ActiveCfg = Release|Any CPU
		{C2F85829-11F8-435C-BD5F-BBE64CA0DEEF}.Release|Any CPU.Build.0 = Release|Any CPU
	EndGlobalSection
	GlobalSection(SolutionProperties) = preSolution
		HideSolutionNode = FALSE
	EndGlobalSection
	GlobalSection(ExtensibilityGlobals) = postSolution
		SolutionGuid = {0600D250-FFF3-4655-B9C4-C08B27A2A983}
	EndGlobalSection
EndGlobal
